{
    "_readme": [
        "This file locks the dependencies of your project to a known state",
        "Read more about it at https://getcomposer.org/doc/01-basic-usage.md#composer-lock-the-lock-file",
        "This file is @generated automatically"
    ],
    "hash": "fa59380514dec2e8c177e7bbc26bca09",
    "content-hash": "16957b9d0c5479bf17ba832c254fbf2a",
    "packages": [
        {
            "name": "ctrlaltdylan/courier",
            "version": "1.1",
            "source": {
                "type": "git",
                "url": "https://github.com/ctrlaltdylan/courier.git",
                "reference": "22c771200d67e347905324eb24b1c624adfc1401"
            },
            "dist": {
                "type": "zip",
                "url": "https://api.github.com/repos/ctrlaltdylan/courier/zipball/22c771200d67e347905324eb24b1c624adfc1401",
                "reference": "22c771200d67e347905324eb24b1c624adfc1401",
                "shasum": ""
            },
            "require-dev": {
                "phpunit/phpunit": "5.6.*"
            },
            "type": "library",
            "autoload": {
                "psr-4": {
                    "Courier\\": "src/"
                }
            },
            "notification-url": "https://packagist.org/downloads/",
            "authors": [
                {
                    "name": "Dylan Pierce",
                    "email": "me@dylanjpierce.com"
                }
            ],
            "description": "A simple wrapper for the free SMS API provider TextBelt.",
            "time": "2016-10-05 03:11:29"
        },
        {
            "name": "phpmailer/phpmailer",
            "version": "v5.2.16",
            "source": {
                "type": "git",
                "url": "https://github.com/PHPMailer/PHPMailer.git",
                "reference": "1d85f9ef3ecfc42bbc4f3c70d5e37ca9a65f629a"
            },
            "dist": {
                "type": "zip",
                "url": "https://api.github.com/repos/PHPMailer/PHPMailer/zipball/1d85f9ef3ecfc42bbc4f3c70d5e37ca9a65f629a",
                "reference": "1d85f9ef3ecfc42bbc4f3c70d5e37ca9a65f629a",
                "shasum": ""
            },
            "require": {
                "php": ">=5.0.0"
            },
            "require-dev": {
                "phpdocumentor/phpdocumentor": "*",
                "phpunit/phpunit": "4.7.*"
            },
            "suggest": {
                "league/oauth2-google": "Needed for Google XOAUTH2 authentication"
            },
            "type": "library",
            "autoload": {
                "classmap": [
                    "class.phpmailer.php",
                    "class.phpmaileroauth.php",
                    "class.phpmaileroauthgoogle.php",
                    "class.smtp.php",
                    "class.pop3.php",
                    "extras/EasyPeasyICS.php",
                    "extras/ntlm_sasl_client.php"
                ]
            },
            "notification-url": "https://packagist.org/downloads/",
            "license": [
                "LGPL-2.1"
            ],
            "authors": [
                {
                    "name": "Jim Jagielski",
                    "email": "jimjag@gmail.com"
                },
                {
                    "name": "Marcus Bointon",
                    "email": "phpmailer@synchromedia.co.uk"
                },
                {
                    "name": "Andy Prevost",
                    "email": "codeworxtech@users.sourceforge.net"
                },
                {
                    "name": "Brent R. Matzelle"
                }
            ],
            "description": "PHPMailer is a full-featured email creation and transfer class for PHP",
            "time": "2016-06-06 09:09:37"
        },
        {
            "name": "whatsapp/chat-api",
            "version": "v3.2.0.1",
            "source": {
                "type": "git",
                "url": "https://github.com/mgp25/Chat-API.git",
                "reference": "c72cad156c9d9ce7953439c089474a7a7320906d"
            },
            "dist": {
                "type": "zip",
                "url": "https://api.github.com/repos/mgp25/Chat-API/zipball/c72cad156c9d9ce7953439c089474a7a7320906d",
                "reference": "c72cad156c9d9ce7953439c089474a7a7320906d",
                "shasum": ""
            },
            "require": {
                "ext-curl": "*",
                "ext-gd": "*",
                "ext-mcrypt": "*",
                "ext-openssl": "*",
                "ext-pdo": "*",
                "ext-sockets": "*",
                "ext-sqlite3": "*",
                "php": ">=5.6"
            },
            "type": "library",
            "autoload": {
                "classmap": [
                    "src/"
                ]
            },
            "notification-url": "https://packagist.org/downloads/",
            "license": [
                "GPL-3.0+"
            ],
            "authors": [
                {
                    "name": "Chat API Contributing Team",
                    "homepage": "https://github.com/mgp25/Chat-API/graphs/contributors",
                    "role": "Contributors"
                }
            ],
            "description": "The PHP WhatsApp library",
            "keywords": [
                "Chat-API",
                "whatsapi",
                "whatsapp"
            ],
            "time": "2016-07-02 12:03:26"
        }
    ],
    "packages-dev": [],
    "aliases": [],
    "minimum-stability": "stable",
    "stability-flags": [],
    "prefer-stable": false,
    "prefer-lowest": false,
    "platform": [],
    "platform-dev": []
}
